
Microsoft Visual Studio Solution File, Format Version 12.00
# Visual Studio Version 17
VisualStudioVersion = 17.14.37216.2
MinimumVisualStudioVersion = 10.0.40219.1
Project("{8BC9CEB8-8B4A-11D0-8D11-00A0C91BC942}") = "Program", "Program.vcxproj", "{CDC1F091-D4ED-4A26-96AF-01F5D4673D50}"
EndProject
Project("{8BC9CEB8-8B4A-11D0-8D11-00A0C91BC942}") = "Class1th (Stream)", "..\Class1th (Stream)\Class1th (Stream).vcxproj", "{F4B7C6B7-CFAC-40D6-8A46-C87DFB1652E3}"
EndProject
Project("{8BC9CEB8-8B4A-11D0-8D11-00A0C91BC942}") = "Class2th (Class)", "..\Class2th (Class)\Class2th (Class).vcxproj", "{DC923115-B082-42A6-8A37-2212B616BA49}"
EndProject
Project("{8BC9CEB8-8B4A-11D0-8D11-00A0C91BC942}") = "Class3th (Constructor & Destructor)", "..\Class3th (Constructor & Destructor)\Class3th (Constructor & Destructor).vcxproj", "{F6D9C6E7-E0CA-4731-814F-90D01878939D}"
EndProject
Project("{8BC9CEB8-8B4A-11D0-8D11-00A0C91BC942}") = "Class4th (Inheritance)", "..\Class4th (Inheritance)\Class4th (Inheritance).vcxproj", "{AAA706BD-0BEE-4985-BDA1-51DD836616B9}"
EndProject
Project("{8BC9CEB8-8B4A-11D0-8D11-00A0C91BC942}") = "Class5th (Polymorphism)", "..\Class5th (Polymorphism)\Class5th (Polymorphism).vcxproj", "{7EC8A8EC-A636-4AEA-8F49-AA29038F24E3}"
EndProject
Project("{8BC9CEB8-8B4A-11D0-8D11-00A0C91BC942}") = "Class6th (Abstract)", "..\Class6th (Abstract)\Class6th (Abstract).vcxproj", "{AC63200B-38BB-40B2-B3AF-F46DE78A5856}"
EndProject
Global
	GlobalSection(SolutionConfigurationPlatforms) = preSolution
		Debug|x64 = Debug|x64
		Debug|x86 = Debug|x86
		Release|x64 = Release|x64
		Release|x86 = Release|x86
	EndGlobalSection
	GlobalSection(ProjectConfigurationPlatforms) = postSolution
		{CDC1F091-D4ED-4A26-96AF-01F5D4673D50}.Debug|x64.ActiveCfg = Debug|x64
		{CDC1F091-D4ED-4A26-96AF-01F5D4673D50}.Debug|x64.Build.0 = Debug|x64
		{CDC1F091-D4ED-4A26-96AF-01F5D4673D50}.Debug|x86.ActiveCfg = Debug|Win32
		{CDC1F091-D4ED-4A26-96AF-01F5D4673D50}.Debug|x86.Build.0 = Debug|Win32
		{CDC1F091-D4ED-4A26-96AF-01F5D4673D50}.Release|x64.ActiveCfg = Release|x64
		{CDC1F091-D4ED-4A26-96AF-01F5D4673D50}.Release|x64.Build.0 = Release|x64
		{CDC1F091-D4ED-4A26-96AF-01F5D4673D50}.Release|x86.ActiveCfg = Release|Win32
		{CDC1F091-D4ED-4A26-96AF-01F5D4673D50}.Release|x86.Build.0 = Release|Win32
		{F4B7C6B7-CFAC-40D6-8A46-C87DFB1652E3}.Debug|x64.ActiveCfg = Debug|x64
		{F4B7C6B7-CFAC-40D6-8A46-C87DFB1652E3}.Debug|x64.Build.0 = Debug|x64
		{F4B7C6B7-CFAC-40D6-8A46-C87DFB1652E3}.Debug|x86.ActiveCfg = Debug|Win32
		{F4B7C6B7-CFAC-40D6-8A46-C87DFB1652E3}.Debug|x86.Build.0 = Debug|Win32
		{F4B7C6B7-CFAC-40D6-8A46-C87DFB1652E3}.Release|x64.ActiveCfg = Release|x64
		{F4B7C6B7-CFAC-40D6-8A46-C87DFB1652E3}.Release|x64.Build.0 = Release|x64
		{F4B7C6B7-CFAC-40D6-8A46-C87DFB1652E3}.Release|x86.ActiveCfg = Release|Win32
		{F4B7C6B7-CFAC-40D6-8A46-C87DFB1652E3}.Release|x86.Build.0 = Release|Win32
		{DC923115-B082-42A6-8A37-2212B616BA49}.Debug|x64.ActiveCfg = Debug|x64
		{DC923115-B082-42A6-8A37-2212B616BA49}.Debug|x64.Build.0 = Debug|x64
		{DC923115-B082-42A6-8A37-2212B616BA49}.Debug|x86.ActiveCfg = Debug|Win32
		{DC923115-B082-42A6-8A37-2212B616BA49}.Debug|x86.Build.0 = Debug|Win32
		{DC923115-B082-42A6-8A37-2212B616BA49}.Release|x64.ActiveCfg = Release|x64
		{DC923115-B082-42A6-8A37-2212B616BA49}.Release|x64.Build.0 = Release|x64
		{DC923115-B082-42A6-8A37-2212B616BA49}.Release|x86.ActiveCfg = Release|Win32
		{DC923115-B082-42A6-8A37-2212B616BA49}.Release|x86.Build.0 = Release|Win32
		{F6D9C6E7-E0CA-4731-814F-90D01878939D}.Debug|x64.ActiveCfg = Debug|x64
		{F6D9C6E7-E0CA-4731-814F-90D01878939D}.Debug|x64.Build.0 = Debug|x64
		{F6D9C6E7-E0CA-4731-814F-90D01878939D}.Debug|x86.ActiveCfg = Debug|Win32
		{F6D9C6E7-E0CA-4731-814F-90D01878939D}.Debug|x86.Build.0 = Debug|Win32
		{F6D9C6E7-E0CA-4731-814F-90D01878939D}.Release|x64.ActiveCfg = Release|x64
		{F6D9C6E7-E0CA-4731-814F-90D01878939D}.Release|x64.Build.0 = Release|x64
		{F6D9C6E7-E0CA-4731-814F-90D01878939D}.Release|x86.ActiveCfg = Release|Win32
		{F6D9C6E7-E0CA-4731-814F-90D01878939D}.Release|x86.Build.0 = Release|Win32
		{AAA706BD-0BEE-4985-BDA1-51DD836616B9}.Debug|x64.ActiveCfg = Debug|x64
		{AAA706BD-0BEE-4985-BDA1-51DD836616B9}.Debug|x64.Build.0 = Debug|x64
		{AAA706BD-0BEE-4985-BDA1-51DD836616B9}.Debug|x86.ActiveCfg = Debug|Win32
		{AAA706BD-0BEE-4985-BDA1-51DD836616B9}.Debug|x86.Build.0 = Debug|Win32
		{AAA706BD-0BEE-4985-BDA1-51DD836616B9}.Release|x64.ActiveCfg = Release|x64
		{AAA706BD-0BEE-4985-BDA1-51DD836616B9}.Release|x64.Build.0 = Release|x64
		{AAA706BD-0BEE-4985-BDA1-51DD836616B9}.Release|x86.ActiveCfg = Release|Win32
		{AAA706BD-0BEE-4985-BDA1-51DD836616B9}.Release|x86.Build.0 = Release|Win32
		{7EC8A8EC-A636-4AEA-8F49-AA29038F24E3}.Debug|x64.ActiveCfg = Debug|x64
		{7EC8A8EC-A636-4AEA-8F49-AA29038F24E3}.Debug|x64.Build.0 = Debug|x64
		{7EC8A8EC-A636-4AEA-8F49-AA29038F24E3}.Debug|x86.ActiveCfg = Debug|Win32
		{7EC8A8EC-A636-4AEA-8F49-AA29038F24E3}.Debug|x86.Build.0 = Debug|Win32
		{7EC8A8EC-A636-4AEA-8F49-AA29038F24E3}.Release|x64.ActiveCfg = Release|x64
		{7EC8A8EC-A636-4AEA-8F49-AA29038F24E3}.Release|x64.Build.0 = Release|x64
		{7EC8A8EC-A636-4AEA-8F49-AA29038F24E3}.Release|x86.ActiveCfg = Release|Win32
		{7EC8A8EC-A636-4AEA-8F49-AA29038F24E3}.Release|x86.Build.0 = Release|Win32
		{AC63200B-38BB-40B2-B3AF-F46DE78A5856}.Debug|x64.ActiveCfg = Debug|x64
		{AC63200B-38BB-40B2-B3AF-F46DE78A5856}.Debug|x64.Build.0 = Debug|x64
		{AC63200B-38BB-40B2-B3AF-F46DE78A5856}.Debug|x86.ActiveCfg = Debug|Win32
		{AC63200B-38BB-40B2-B3AF-F46DE78A5856}.Debug|x86.Build.0 = Debug|Win32
		{AC63200B-38BB-40B2-B3AF-F46DE78A5856}.Release|x64.ActiveCfg = Release|x64
		{AC63200B-38BB-40B2-B3AF-F46DE78A5856}.Release|x64.Build.0 = Release|x64
		{AC63200B-38BB-40B2-B3AF-F46DE78A5856}.Release|x86.ActiveCfg = Release|Win32
		{AC63200B-38BB-40B2-B3AF-F46DE78A5856}.Release|x86.Build.0 = Release|Win32
	EndGlobalSection
	GlobalSection(SolutionProperties) = preSolution
		HideSolutionNode = FALSE
	EndGlobalSection
	GlobalSection(ExtensibilityGlobals) = postSolution
		SolutionGuid = {A69C2FFE-30D8-49F7-B821-312E669E3650}
	EndGlobalSection
EndGlobal
