
Microsoft Visual Studio Solution File, Format Version 12.00
# Visual Studio Version 17
VisualStudioVersion = 17.9.34728.123
MinimumVisualStudioVersion = 10.0.40219.1
Project("{8BC9CEB8-8B4A-11D0-8D11-00A0C91BC942}") = "Program", "Program.vcxproj", "{BBEA896F-243C-4DBC-88B2-F3B582D8D761}"
EndProject
Project("{8BC9CEB8-8B4A-11D0-8D11-00A0C91BC942}") = "Class1th (Stream)", "..\Class1th (Stream)\Class1th (Stream).vcxproj", "{C1BC457E-DDBE-4F78-8BFF-1586D0293425}"
EndProject
Project("{8BC9CEB8-8B4A-11D0-8D11-00A0C91BC942}") = "Class2th (Class)", "..\Class2th (Class)\Class2th (Class).vcxproj", "{B73966B1-490C-4D48-8AC9-5ADE1405FE53}"
EndProject
Project("{8BC9CEB8-8B4A-11D0-8D11-00A0C91BC942}") = "Class3th (Constructor & Destructor)", "..\Class3th (Constructor & Destructor)\Class3th (Constructor & Destructor).vcxproj", "{9CDC5FC6-7C61-42C7-89B2-28B8B29B9DE7}"
EndProject
Project("{8BC9CEB8-8B4A-11D0-8D11-00A0C91BC942}") = "Class4th (Inheritance)", "..\Class4th (Inheritance)\Class4th (Inheritance).vcxproj", "{EF65E9CA-E594-4C7B-8235-80E693198E31}"
EndProject
Project("{8BC9CEB8-8B4A-11D0-8D11-00A0C91BC942}") = "Class5th (Polymorphism)", "..\Class5th (Polymorphism)\Class5th (Polymorphism).vcxproj", "{C24BCE8C-9489-4FAE-83ED-0E17A28C5B60}"
EndProject
Project("{8BC9CEB8-8B4A-11D0-8D11-00A0C91BC942}") = "Class6th (Abstract)", "..\Class6th (Abstract)\Class6th (Abstract).vcxproj", "{4202C66C-CBBD-4F7E-B0F6-81B6DE611D2F}"
EndProject
Project("{8BC9CEB8-8B4A-11D0-8D11-00A0C91BC942}") = "Class7th (Encapsulation)", "..\Class7th (Encapsulation)\Class7th (Encapsulation).vcxproj", "{C3B7225E-3CE4-4F30-B6A2-7FE83338BE9F}"
EndProject
Global
	GlobalSection(SolutionConfigurationPlatforms) = preSolution
		Debug|x64 = Debug|x64
		Debug|x86 = Debug|x86
		Release|x64 = Release|x64
		Release|x86 = Release|x86
	EndGlobalSection
	GlobalSection(ProjectConfigurationPlatforms) = postSolution
		{BBEA896F-243C-4DBC-88B2-F3B582D8D761}.Debug|x64.ActiveCfg = Debug|x64
		{BBEA896F-243C-4DBC-88B2-F3B582D8D761}.Debug|x64.Build.0 = Debug|x64
		{BBEA896F-243C-4DBC-88B2-F3B582D8D761}.Debug|x86.ActiveCfg = Debug|Win32
		{BBEA896F-243C-4DBC-88B2-F3B582D8D761}.Debug|x86.Build.0 = Debug|Win32
		{BBEA896F-243C-4DBC-88B2-F3B582D8D761}.Release|x64.ActiveCfg = Release|x64
		{BBEA896F-243C-4DBC-88B2-F3B582D8D761}.Release|x64.Build.0 = Release|x64
		{BBEA896F-243C-4DBC-88B2-F3B582D8D761}.Release|x86.ActiveCfg = Release|Win32
		{BBEA896F-243C-4DBC-88B2-F3B582D8D761}.Release|x86.Build.0 = Release|Win32
		{C1BC457E-DDBE-4F78-8BFF-1586D0293425}.Debug|x64.ActiveCfg = Debug|x64
		{C1BC457E-DDBE-4F78-8BFF-1586D0293425}.Debug|x64.Build.0 = Debug|x64
		{C1BC457E-DDBE-4F78-8BFF-1586D0293425}.Debug|x86.ActiveCfg = Debug|Win32
		{C1BC457E-DDBE-4F78-8BFF-1586D0293425}.Debug|x86.Build.0 = Debug|Win32
		{C1BC457E-DDBE-4F78-8BFF-1586D0293425}.Release|x64.ActiveCfg = Release|x64
		{C1BC457E-DDBE-4F78-8BFF-1586D0293425}.Release|x64.Build.0 = Release|x64
		{C1BC457E-DDBE-4F78-8BFF-1586D0293425}.Release|x86.ActiveCfg = Release|Win32
		{C1BC457E-DDBE-4F78-8BFF-1586D0293425}.Release|x86.Build.0 = Release|Win32
		{B73966B1-490C-4D48-8AC9-5ADE1405FE53}.Debug|x64.ActiveCfg = Debug|x64
		{B73966B1-490C-4D48-8AC9-5ADE1405FE53}.Debug|x64.Build.0 = Debug|x64
		{B73966B1-490C-4D48-8AC9-5ADE1405FE53}.Debug|x86.ActiveCfg = Debug|Win32
		{B73966B1-490C-4D48-8AC9-5ADE1405FE53}.Debug|x86.Build.0 = Debug|Win32
		{B73966B1-490C-4D48-8AC9-5ADE1405FE53}.Release|x64.ActiveCfg = Release|x64
		{B73966B1-490C-4D48-8AC9-5ADE1405FE53}.Release|x64.Build.0 = Release|x64
		{B73966B1-490C-4D48-8AC9-5ADE1405FE53}.Release|x86.ActiveCfg = Release|Win32
		{B73966B1-490C-4D48-8AC9-5ADE1405FE53}.Release|x86.Build.0 = Release|Win32
		{9CDC5FC6-7C61-42C7-89B2-28B8B29B9DE7}.Debug|x64.ActiveCfg = Debug|x64
		{9CDC5FC6-7C61-42C7-89B2-28B8B29B9DE7}.Debug|x64.Build.0 = Debug|x64
		{9CDC5FC6-7C61-42C7-89B2-28B8B29B9DE7}.Debug|x86.ActiveCfg = Debug|Win32
		{9CDC5FC6-7C61-42C7-89B2-28B8B29B9DE7}.Debug|x86.Build.0 = Debug|Win32
		{9CDC5FC6-7C61-42C7-89B2-28B8B29B9DE7}.Release|x64.ActiveCfg = Release|x64
		{9CDC5FC6-7C61-42C7-89B2-28B8B29B9DE7}.Release|x64.Build.0 = Release|x64
		{9CDC5FC6-7C61-42C7-89B2-28B8B29B9DE7}.Release|x86.ActiveCfg = Release|Win32
		{9CDC5FC6-7C61-42C7-89B2-28B8B29B9DE7}.Release|x86.Build.0 = Release|Win32
		{EF65E9CA-E594-4C7B-8235-80E693198E31}.Debug|x64.ActiveCfg = Debug|x64
		{EF65E9CA-E594-4C7B-8235-80E693198E31}.Debug|x64.Build.0 = Debug|x64
		{EF65E9CA-E594-4C7B-8235-80E693198E31}.Debug|x86.ActiveCfg = Debug|Win32
		{EF65E9CA-E594-4C7B-8235-80E693198E31}.Debug|x86.Build.0 = Debug|Win32
		{EF65E9CA-E594-4C7B-8235-80E693198E31}.Release|x64.ActiveCfg = Release|x64
		{EF65E9CA-E594-4C7B-8235-80E693198E31}.Release|x64.Build.0 = Release|x64
		{EF65E9CA-E594-4C7B-8235-80E693198E31}.Release|x86.ActiveCfg = Release|Win32
		{EF65E9CA-E594-4C7B-8235-80E693198E31}.Release|x86.Build.0 = Release|Win32
		{C24BCE8C-9489-4FAE-83ED-0E17A28C5B60}.Debug|x64.ActiveCfg = Debug|x64
		{C24BCE8C-9489-4FAE-83ED-0E17A28C5B60}.Debug|x64.Build.0 = Debug|x64
		{C24BCE8C-9489-4FAE-83ED-0E17A28C5B60}.Debug|x86.ActiveCfg = Debug|Win32
		{C24BCE8C-9489-4FAE-83ED-0E17A28C5B60}.Debug|x86.Build.0 = Debug|Win32
		{C24BCE8C-9489-4FAE-83ED-0E17A28C5B60}.Release|x64.ActiveCfg = Release|x64
		{C24BCE8C-9489-4FAE-83ED-0E17A28C5B60}.Release|x64.Build.0 = Release|x64
		{C24BCE8C-9489-4FAE-83ED-0E17A28C5B60}.Release|x86.ActiveCfg = Release|Win32
		{C24BCE8C-9489-4FAE-83ED-0E17A28C5B60}.Release|x86.Build.0 = Release|Win32
		{4202C66C-CBBD-4F7E-B0F6-81B6DE611D2F}.Debug|x64.ActiveCfg = Debug|x64
		{4202C66C-CBBD-4F7E-B0F6-81B6DE611D2F}.Debug|x64.Build.0 = Debug|x64
		{4202C66C-CBBD-4F7E-B0F6-81B6DE611D2F}.Debug|x86.ActiveCfg = Debug|Win32
		{4202C66C-CBBD-4F7E-B0F6-81B6DE611D2F}.Debug|x86.Build.0 = Debug|Win32
		{4202C66C-CBBD-4F7E-B0F6-81B6DE611D2F}.Release|x64.ActiveCfg = Release|x64
		{4202C66C-CBBD-4F7E-B0F6-81B6DE611D2F}.Release|x64.Build.0 = Release|x64
		{4202C66C-CBBD-4F7E-B0F6-81B6DE611D2F}.Release|x86.ActiveCfg = Release|Win32
		{4202C66C-CBBD-4F7E-B0F6-81B6DE611D2F}.Release|x86.Build.0 = Release|Win32
		{C3B7225E-3CE4-4F30-B6A2-7FE83338BE9F}.Debug|x64.ActiveCfg = Debug|x64
		{C3B7225E-3CE4-4F30-B6A2-7FE83338BE9F}.Debug|x64.Build.0 = Debug|x64
		{C3B7225E-3CE4-4F30-B6A2-7FE83338BE9F}.Debug|x86.ActiveCfg = Debug|Win32
		{C3B7225E-3CE4-4F30-B6A2-7FE83338BE9F}.Debug|x86.Build.0 = Debug|Win32
		{C3B7225E-3CE4-4F30-B6A2-7FE83338BE9F}.Release|x64.ActiveCfg = Release|x64
		{C3B7225E-3CE4-4F30-B6A2-7FE83338BE9F}.Release|x64.Build.0 = Release|x64
		{C3B7225E-3CE4-4F30-B6A2-7FE83338BE9F}.Release|x86.ActiveCfg = Release|Win32
		{C3B7225E-3CE4-4F30-B6A2-7FE83338BE9F}.Release|x86.Build.0 = Release|Win32
	EndGlobalSection
	GlobalSection(SolutionProperties) = preSolution
		HideSolutionNode = FALSE
	EndGlobalSection
	GlobalSection(ExtensibilityGlobals) = postSolution
		SolutionGuid = {109AD060-DBC3-4293-9BF9-58D9BBF162FC}
	EndGlobalSection
EndGlobal
