
Microsoft Visual Studio Solution File, Format Version 12.00
# Visual Studio Version 17
VisualStudioVersion = 17.9.34728.123
MinimumVisualStudioVersion = 10.0.40219.1
Project("{8BC9CEB8-8B4A-11D0-8D11-00A0C91BC942}") = "Program", "Program.vcxproj", "{BBEA896F-243C-4DBC-88B2-F3B582D8D761}"
EndProject
Project("{8BC9CEB8-8B4A-11D0-8D11-00A0C91BC942}") = "Class1th (Stream)", "..\Class1th (Stream)\Class1th (Stream).vcxproj", "{C1BC457E-DDBE-4F78-8BFF-1586D0293425}"
EndProject
Project("{8BC9CEB8-8B4A-11D0-8D11-00A0C91BC942}") = "Class2th (Class)", "..\Class2th (Class)\Class2th (Class).vcxproj", "{B73966B1-490C-4D48-8AC9-5ADE1405FE53}"
EndProject
Project("{8BC9CEB8-8B4A-11D0-8D11-00A0C91BC942}") = "Class3th (Constructor & Destructor)", "..\Class3th (Constructor & Destructor)\Class3th (Constructor & Destructor).vcxproj", "{9CDC5FC6-7C61-42C7-89B2-28B8B29B9DE7}"
EndProject
Global
	GlobalSection(SolutionConfigurationPlatforms) = preSolution
		Debug|x64 = Debug|x64
		Debug|x86 = Debug|x86
		Release|x64 = Release|x64
		Release|x86 = Release|x86
	EndGlobalSection
	GlobalSection(ProjectConfigurationPlatforms) = postSolution
		{BBEA896F-243C-4DBC-88B2-F3B582D8D761}.Debug|x64.ActiveCfg = Debug|x64
		{BBEA896F-243C-4DBC-88B2-F3B582D8D761}.Debug|x64.Build.0 = Debug|x64
		{BBEA896F-243C-4DBC-88B2-F3B582D8D761}.Debug|x86.ActiveCfg = Debug|Win32
		{BBEA896F-243C-4DBC-88B2-F3B582D8D761}.Debug|x86.Build.0 = Debug|Win32
		{BBEA896F-243C-4DBC-88B2-F3B582D8D761}.Release|x64.ActiveCfg = Release|x64
		{BBEA896F-243C-4DBC-88B2-F3B582D8D761}.Release|x64.Build.0 = Release|x64
		{BBEA896F-243C-4DBC-88B2-F3B582D8D761}.Release|x86.ActiveCfg = Release|Win32
		{BBEA896F-243C-4DBC-88B2-F3B582D8D761}.Release|x86.Build.0 = Release|Win32
		{C1BC457E-DDBE-4F78-8BFF-1586D0293425}.Debug|x64.ActiveCfg = Debug|x64
		{C1BC457E-DDBE-4F78-8BFF-1586D0293425}.Debug|x64.Build.0 = Debug|x64
		{C1BC457E-DDBE-4F78-8BFF-1586D0293425}.Debug|x86.ActiveCfg = Debug|Win32
		{C1BC457E-DDBE-4F78-8BFF-1586D0293425}.Debug|x86.Build.0 = Debug|Win32
		{C1BC457E-DDBE-4F78-8BFF-1586D0293425}.Release|x64.ActiveCfg = Release|x64
		{C1BC457E-DDBE-4F78-8BFF-1586D0293425}.Release|x64.Build.0 = Release|x64
		{C1BC457E-DDBE-4F78-8BFF-1586D0293425}.Release|x86.ActiveCfg = Release|Win32
		{C1BC457E-DDBE-4F78-8BFF-1586D0293425}.Release|x86.Build.0 = Release|Win32
		{B73966B1-490C-4D48-8AC9-5ADE1405FE53}.Debug|x64.ActiveCfg = Debug|x64
		{B73966B1-490C-4D48-8AC9-5ADE1405FE53}.Debug|x64.Build.0 = Debug|x64
		{B73966B1-490C-4D48-8AC9-5ADE1405FE53}.Debug|x86.ActiveCfg = Debug|Win32
		{B73966B1-490C-4D48-8AC9-5ADE1405FE53}.Debug|x86.Build.0 = Debug|Win32
		{B73966B1-490C-4D48-8AC9-5ADE1405FE53}.Release|x64.ActiveCfg = Release|x64
		{B73966B1-490C-4D48-8AC9-5ADE1405FE53}.Release|x64.Build.0 = Release|x64
		{B73966B1-490C-4D48-8AC9-5ADE1405FE53}.Release|x86.ActiveCfg = Release|Win32
		{B73966B1-490C-4D48-8AC9-5ADE1405FE53}.Release|x86.Build.0 = Release|Win32
		{9CDC5FC6-7C61-42C7-89B2-28B8B29B9DE7}.Debug|x64.ActiveCfg = Debug|x64
		{9CDC5FC6-7C61-42C7-89B2-28B8B29B9DE7}.Debug|x64.Build.0 = Debug|x64
		{9CDC5FC6-7C61-42C7-89B2-28B8B29B9DE7}.Debug|x86.ActiveCfg = Debug|Win32
		{9CDC5FC6-7C61-42C7-89B2-28B8B29B9DE7}.Debug|x86.Build.0 = Debug|Win32
		{9CDC5FC6-7C61-42C7-89B2-28B8B29B9DE7}.Release|x64.ActiveCfg = Release|x64
		{9CDC5FC6-7C61-42C7-89B2-28B8B29B9DE7}.Release|x64.Build.0 = Release|x64
		{9CDC5FC6-7C61-42C7-89B2-28B8B29B9DE7}.Release|x86.ActiveCfg = Release|Win32
		{9CDC5FC6-7C61-42C7-89B2-28B8B29B9DE7}.Release|x86.Build.0 = Release|Win32
	EndGlobalSection
	GlobalSection(SolutionProperties) = preSolution
		HideSolutionNode = FALSE
	EndGlobalSection
	GlobalSection(ExtensibilityGlobals) = postSolution
		SolutionGuid = {109AD060-DBC3-4293-9BF9-58D9BBF162FC}
	EndGlobalSection
EndGlobal
